
Microsoft Visual Studio Solution File, Format Version 12.00
# Visual Studio Express 2012 for Web
Project("{FAE04EC0-301F-11D3-BF4B-00C04F79EFBC}") = "WordsISay_v1", "WordsISay_v1\WordsISay_v1.csproj", "{6E0F220B-3135-407D-9DAA-3990866EEB9B}"
EndProject
Global
	GlobalSection(SolutionConfigurationPlatforms) = preSolution
		Debug|Any CPU = Debug|Any CPU
		Release|Any CPU = Release|Any CPU
	EndGlobalSection
	GlobalSection(ProjectConfigurationPlatforms) = postSolution
		{6E0F220B-3135-407D-9DAA-3990866EEB9B}.Debug|Any CPU.ActiveCfg = Debug|Any CPU
		{6E0F220B-3135-407D-9DAA-3990866EEB9B}.Debug|Any CPU.Build.0 = Debug|Any CPU
		{6E0F220B-3135-407D-9DAA-3990866EEB9B}.Release|Any CPU.ActiveCfg = Release|Any CPU
		{6E0F220B-3135-407D-9DAA-3990866EEB9B}.Release|Any CPU.Build.0 = Release|Any CPU
	EndGlobalSection
	GlobalSection(SolutionProperties) = preSolution
		HideSolutionNode = FALSE
	EndGlobalSection
EndGlobal
